
Microsoft Visual Studio Solution File, Format Version 12.00
# Visual Studio Version 17
VisualStudioVersion = 17.4.33205.214
MinimumVisualStudioVersion = 10.0.40219.1
Project("{8BC9CEB8-8B4A-11D0-8D11-00A0C91BC942}") = "Sokoban", "Sokoban.vcxproj", "{4F582A26-A69D-49A9-930D-99838BE06113}"
EndProject
Global
	GlobalSection(SolutionConfigurationPlatforms) = preSolution
		Debug|x64 = Debug|x64
		Debug|x86 = Debug|x86
		Release|x64 = Release|x64
		Release|x86 = Release|x86
	EndGlobalSection
	GlobalSection(ProjectConfigurationPlatforms) = postSolution
		{4F582A26-A69D-49A9-930D-99838BE06113}.Debug|x64.ActiveCfg = Debug|x64
		{4F582A26-A69D-49A9-930D-99838BE06113}.Debug|x64.Build.0 = Debug|x64
		{4F582A26-A69D-49A9-930D-99838BE06113}.Debug|x86.ActiveCfg = Debug|Win32
		{4F582A26-A69D-49A9-930D-99838BE06113}.Debug|x86.Build.0 = Debug|Win32
		{4F582A26-A69D-49A9-930D-99838BE06113}.Release|x64.ActiveCfg = Release|x64
		{4F582A26-A69D-49A9-930D-99838BE06113}.Release|x64.Build.0 = Release|x64
		{4F582A26-A69D-49A9-930D-99838BE06113}.Release|x86.ActiveCfg = Release|Win32
		{4F582A26-A69D-49A9-930D-99838BE06113}.Release|x86.Build.0 = Release|Win32
	EndGlobalSection
	GlobalSection(SolutionProperties) = preSolution
		HideSolutionNode = FALSE
	EndGlobalSection
	GlobalSection(ExtensibilityGlobals) = postSolution
		SolutionGuid = {6F6C7A49-61DA-4022-A5D1-6A6F1AE0C60F}
	EndGlobalSection
EndGlobal
